
Microsoft Visual Studio Solution File, Format Version 12.00
# Visual Studio 15
VisualStudioVersion = 15.0.36617.4
MinimumVisualStudioVersion = 10.0.40219.1
Project("{F184B08F-C81C-45F6-A57F-5ABD9991F28F}") = "Practica4", "WindowsApp2\Practica4.vbproj", "{7AAB51DB-A486-49F4-BCDC-E2713BFBBC64}"
EndProject
Global
	GlobalSection(SolutionConfigurationPlatforms) = preSolution
		Debug|Any CPU = Debug|Any CPU
		Release|Any CPU = Release|Any CPU
	EndGlobalSection
	GlobalSection(ProjectConfigurationPlatforms) = postSolution
		{7AAB51DB-A486-49F4-BCDC-E2713BFBBC64}.Debug|Any CPU.ActiveCfg = Debug|Any CPU
		{7AAB51DB-A486-49F4-BCDC-E2713BFBBC64}.Debug|Any CPU.Build.0 = Debug|Any CPU
		{7AAB51DB-A486-49F4-BCDC-E2713BFBBC64}.Release|Any CPU.ActiveCfg = Release|Any CPU
		{7AAB51DB-A486-49F4-BCDC-E2713BFBBC64}.Release|Any CPU.Build.0 = Release|Any CPU
	EndGlobalSection
	GlobalSection(SolutionProperties) = preSolution
		HideSolutionNode = FALSE
	EndGlobalSection
	GlobalSection(ExtensibilityGlobals) = postSolution
		SolutionGuid = {587D8488-4553-43C0-977F-8621FA9DDC03}
	EndGlobalSection
EndGlobal
